
Microsoft Visual Studio Solution File, Format Version 12.00
# Visual Studio Version 16
VisualStudioVersion = 16.0.31321.278
MinimumVisualStudioVersion = 10.0.40219.1
Project("{FAE04EC0-301F-11D3-BF4B-00C04F79EFBC}") = "VuThiThuyTrang_58", "VuThiThuyTrang_58\VuThiThuyTrang_58.csproj", "{91C407B0-BBA2-4C5C-908D-C27878651C5C}"
EndProject
Global
	GlobalSection(SolutionConfigurationPlatforms) = preSolution
		Debug|Any CPU = Debug|Any CPU
		Release|Any CPU = Release|Any CPU
	EndGlobalSection
	GlobalSection(ProjectConfigurationPlatforms) = postSolution
		{91C407B0-BBA2-4C5C-908D-C27878651C5C}.Debug|Any CPU.ActiveCfg = Debug|Any CPU
		{91C407B0-BBA2-4C5C-908D-C27878651C5C}.Debug|Any CPU.Build.0 = Debug|Any CPU
		{91C407B0-BBA2-4C5C-908D-C27878651C5C}.Release|Any CPU.ActiveCfg = Release|Any CPU
		{91C407B0-BBA2-4C5C-908D-C27878651C5C}.Release|Any CPU.Build.0 = Release|Any CPU
	EndGlobalSection
	GlobalSection(SolutionProperties) = preSolution
		HideSolutionNode = FALSE
	EndGlobalSection
	GlobalSection(ExtensibilityGlobals) = postSolution
		SolutionGuid = {41A26D09-3095-4721-9E07-54CEB54255FC}
	EndGlobalSection
EndGlobal
